# THIS IS AN AUTOGENERATED FILE. DO NOT EDIT THIS FILE DIRECTLY.
# yarn lockfile v1


intersection-observer@^0.5.1:
  version "0.5.1"
  resolved "https://registry.yarnpkg.com/intersection-observer/-/intersection-observer-0.5.1.tgz#e340fc56ce74290fe2b2394d1ce88c4353ac6dfa"
  integrity sha512-Zd7Plneq82kiXFixs7bX62YnuZ0BMRci9br7io88LwDyF3V43cQMI+G5IiTlTNTt+LsDUppl19J/M2Fp9UkH6g==
